
Microsoft Visual Studio Solution File, Format Version 12.00
# Visual Studio 14
VisualStudioVersion = 14.0.24720.0
MinimumVisualStudioVersion = 10.0.40219.1
Project("{FAE04EC0-301F-11D3-BF4B-00C04F79EFBC}") = "MvcReportViewerExample", "MvcReportViewerExample\MvcReportViewerExample.csproj", "{5804FFD3-29D6-42FA-943B-94DE747CBE24}"
EndProject
Project("{FAE04EC0-301F-11D3-BF4B-00C04F79EFBC}") = "MvcReportViewer", "MvcReportViewer\MvcReportViewer.csproj", "{6353720D-C784-4C00-A7B7-D652542FBCC9}"
EndProject
Project("{FAE04EC0-301F-11D3-BF4B-00C04F79EFBC}") = "MvcReportViewerTests", "MvcReportViewerTests\MvcReportViewerTests.csproj", "{20D0F976-2730-406D-A336-4056416CFF10}"
EndProject
Project("{FAE04EC0-301F-11D3-BF4B-00C04F79EFBC}") = "MvcReportViewer_NET45", "MvcReportViewer_NET45\MvcReportViewer_NET45.csproj", "{BF8D2B0B-EFD0-44A6-B6E1-A3215B4C477B}"
EndProject
Project("{F14B399A-7131-4C87-9E4B-1186C45EF12D}") = "TestReports", "TestReports\TestReports.rptproj", "{A02F36AE-B9A6-4A0E-BF85-42CC8B32FA75}"
EndProject
Global
	GlobalSection(SolutionConfigurationPlatforms) = preSolution
		Debug|Any CPU = Debug|Any CPU
		DebugLocal|Any CPU = DebugLocal|Any CPU
		Release|Any CPU = Release|Any CPU
	EndGlobalSection
	GlobalSection(ProjectConfigurationPlatforms) = postSolution
		{5804FFD3-29D6-42FA-943B-94DE747CBE24}.Debug|Any CPU.ActiveCfg = Debug|Any CPU
		{5804FFD3-29D6-42FA-943B-94DE747CBE24}.Debug|Any CPU.Build.0 = Debug|Any CPU
		{5804FFD3-29D6-42FA-943B-94DE747CBE24}.DebugLocal|Any CPU.ActiveCfg = Debug|Any CPU
		{5804FFD3-29D6-42FA-943B-94DE747CBE24}.DebugLocal|Any CPU.Build.0 = Debug|Any CPU
		{5804FFD3-29D6-42FA-943B-94DE747CBE24}.Release|Any CPU.ActiveCfg = Release|Any CPU
		{5804FFD3-29D6-42FA-943B-94DE747CBE24}.Release|Any CPU.Build.0 = Release|Any CPU
		{6353720D-C784-4C00-A7B7-D652542FBCC9}.Debug|Any CPU.ActiveCfg = Debug|Any CPU
		{6353720D-C784-4C00-A7B7-D652542FBCC9}.Debug|Any CPU.Build.0 = Debug|Any CPU
		{6353720D-C784-4C00-A7B7-D652542FBCC9}.DebugLocal|Any CPU.ActiveCfg = Debug|Any CPU
		{6353720D-C784-4C00-A7B7-D652542FBCC9}.DebugLocal|Any CPU.Build.0 = Debug|Any CPU
		{6353720D-C784-4C00-A7B7-D652542FBCC9}.Release|Any CPU.ActiveCfg = Release|Any CPU
		{6353720D-C784-4C00-A7B7-D652542FBCC9}.Release|Any CPU.Build.0 = Release|Any CPU
		{20D0F976-2730-406D-A336-4056416CFF10}.Debug|Any CPU.ActiveCfg = Debug|Any CPU
		{20D0F976-2730-406D-A336-4056416CFF10}.Debug|Any CPU.Build.0 = Debug|Any CPU
		{20D0F976-2730-406D-A336-4056416CFF10}.DebugLocal|Any CPU.ActiveCfg = Debug|Any CPU
		{20D0F976-2730-406D-A336-4056416CFF10}.DebugLocal|Any CPU.Build.0 = Debug|Any CPU
		{20D0F976-2730-406D-A336-4056416CFF10}.Release|Any CPU.ActiveCfg = Release|Any CPU
		{20D0F976-2730-406D-A336-4056416CFF10}.Release|Any CPU.Build.0 = Release|Any CPU
		{BF8D2B0B-EFD0-44A6-B6E1-A3215B4C477B}.Debug|Any CPU.ActiveCfg = Debug|Any CPU
		{BF8D2B0B-EFD0-44A6-B6E1-A3215B4C477B}.Debug|Any CPU.Build.0 = Debug|Any CPU
		{BF8D2B0B-EFD0-44A6-B6E1-A3215B4C477B}.DebugLocal|Any CPU.ActiveCfg = Debug|Any CPU
		{BF8D2B0B-EFD0-44A6-B6E1-A3215B4C477B}.DebugLocal|Any CPU.Build.0 = Debug|Any CPU
		{BF8D2B0B-EFD0-44A6-B6E1-A3215B4C477B}.Release|Any CPU.ActiveCfg = Release|Any CPU
		{BF8D2B0B-EFD0-44A6-B6E1-A3215B4C477B}.Release|Any CPU.Build.0 = Release|Any CPU
		{A02F36AE-B9A6-4A0E-BF85-42CC8B32FA75}.Debug|Any CPU.ActiveCfg = Debug
		{A02F36AE-B9A6-4A0E-BF85-42CC8B32FA75}.Debug|Any CPU.Build.0 = Debug
		{A02F36AE-B9A6-4A0E-BF85-42CC8B32FA75}.Debug|Any CPU.Deploy.0 = Debug
		{A02F36AE-B9A6-4A0E-BF85-42CC8B32FA75}.DebugLocal|Any CPU.ActiveCfg = DebugLocal
		{A02F36AE-B9A6-4A0E-BF85-42CC8B32FA75}.DebugLocal|Any CPU.Build.0 = DebugLocal
		{A02F36AE-B9A6-4A0E-BF85-42CC8B32FA75}.DebugLocal|Any CPU.Deploy.0 = DebugLocal
		{A02F36AE-B9A6-4A0E-BF85-42CC8B32FA75}.Release|Any CPU.ActiveCfg = Release
		{A02F36AE-B9A6-4A0E-BF85-42CC8B32FA75}.Release|Any CPU.Build.0 = Release
		{A02F36AE-B9A6-4A0E-BF85-42CC8B32FA75}.Release|Any CPU.Deploy.0 = Release
	EndGlobalSection
	GlobalSection(SolutionProperties) = preSolution
		HideSolutionNode = FALSE
	EndGlobalSection
EndGlobal
