
Microsoft Visual Studio Solution File, Format Version 12.00
# Visual Studio 2013
VisualStudioVersion = 12.0.40629.0
MinimumVisualStudioVersion = 10.0.40219.1
Project("{F14B399A-7131-4C87-9E4B-1186C45EF12D}") = "TestReports", "TestReports.rptproj", "{7A08C781-F011-432B-A967-E0FCB329DE35}"
EndProject
Global
	GlobalSection(SolutionConfigurationPlatforms) = preSolution
		Debug|Default = Debug|Default
		DebugLocal|Default = DebugLocal|Default
		Release|Default = Release|Default
	EndGlobalSection
	GlobalSection(ProjectConfigurationPlatforms) = postSolution
		{7A08C781-F011-432B-A967-E0FCB329DE35}.Debug|Default.ActiveCfg = Debug
		{7A08C781-F011-432B-A967-E0FCB329DE35}.Debug|Default.Build.0 = Debug
		{7A08C781-F011-432B-A967-E0FCB329DE35}.Debug|Default.Deploy.0 = Debug
		{7A08C781-F011-432B-A967-E0FCB329DE35}.DebugLocal|Default.ActiveCfg = DebugLocal
		{7A08C781-F011-432B-A967-E0FCB329DE35}.DebugLocal|Default.Build.0 = DebugLocal
		{7A08C781-F011-432B-A967-E0FCB329DE35}.DebugLocal|Default.Deploy.0 = DebugLocal
		{7A08C781-F011-432B-A967-E0FCB329DE35}.Release|Default.ActiveCfg = Release
		{7A08C781-F011-432B-A967-E0FCB329DE35}.Release|Default.Build.0 = Release
		{7A08C781-F011-432B-A967-E0FCB329DE35}.Release|Default.Deploy.0 = Release
	EndGlobalSection
	GlobalSection(SolutionProperties) = preSolution
		HideSolutionNode = FALSE
	EndGlobalSection
EndGlobal
